PODS:
  - Alamofire (3.5.1)
  - Gryphon (1.0.3)

DEPENDENCIES:
  - Alamofire (~> 3.0)
  - Gryphon (from `../`)

EXTERNAL SOURCES:
  Gryphon:
    :path: "../"

SPEC CHECKSUMS:
  Alamofire: 0dfba1184a543e2aa160f4e39cac4e8aba48d223
  Gryphon: 1770d7ee89b9ede13243ab3a09d9ba051f09f891

PODFILE CHECKSUM: 469aff19c1e2234709eab7da9c819514048a1520

COCOAPODS: 1.0.1
